
Microsoft Visual Studio Solution File, Format Version 12.00
# Visual Studio Version 16
VisualStudioVersion = 16.0.810.19
MinimumVisualStudioVersion = 10.0.40219.1
Project("{FAE04EC0-301F-11D3-BF4B-00C04F79EFBC}") = "eContainment4", "eContainment4.csproj", "{1348FD94-A573-4510-B9FC-5DCE6774F540}"
EndProject
Global
	GlobalSection(SolutionConfigurationPlatforms) = preSolution
		Debug|Any CPU = Debug|Any CPU
		Release|Any CPU = Release|Any CPU
	EndGlobalSection
	GlobalSection(ProjectConfigurationPlatforms) = postSolution
		{1348FD94-A573-4510-B9FC-5DCE6774F540}.Debug|Any CPU.ActiveCfg = Debug|Any CPU
		{1348FD94-A573-4510-B9FC-5DCE6774F540}.Debug|Any CPU.Build.0 = Debug|Any CPU
		{1348FD94-A573-4510-B9FC-5DCE6774F540}.Release|Any CPU.ActiveCfg = Release|Any CPU
		{1348FD94-A573-4510-B9FC-5DCE6774F540}.Release|Any CPU.Build.0 = Release|Any CPU
	EndGlobalSection
	GlobalSection(SolutionProperties) = preSolution
		HideSolutionNode = FALSE
	EndGlobalSection
	GlobalSection(ExtensibilityGlobals) = postSolution
		SolutionGuid = {47617263-4610-4967-8CAB-81658E82B609}
	EndGlobalSection
EndGlobal
